{
  "name": "design-system-ai-lab",
  "version": "0.6.0-alpha.0",
  "lockfileVersion": 3,
  "requires": true,
  "packages": {
    "": {
      "name": "design-system-ai-lab",
      "version": "0.6.0-alpha.0",
      "license": "MIT",
      "dependencies": {
        "@radix-ui/react-dialog": "^1.1.15",
        "@radix-ui/react-dropdown-menu": "^2.1.16",
        "@radix-ui/react-select": "^2.2.6",
        "@radix-ui/react-tabs": "^1.1.13",
        "@radix-ui/react-tooltip": "^1.2.8"
      },
      "devDependencies": {
        "@chromatic-com/storybook": "^5.2.1",
        "@eslint/js": "^10.0.1",
        "@storybook/addon-a11y": "^10.4.1",
        "@storybook/addon-docs": "^10.4.1",
        "@storybook/addon-mcp": "^0.6.0",
        "@storybook/addon-vitest": "^10.4.1",
        "@storybook/react-vite": "^10.4.1",
        "@tailwindcss/vite": "^4.3.0",
        "@types/node": "^24.12.3",
        "@types/react": "^18.3.18",
        "@types/react-dom": "^18.3.5",
        "@vitejs/plugin-react": "^6.0.1",
        "@vitest/browser-playwright": "^4.1.7",
        "@vitest/coverage-v8": "^4.1.7",
        "eslint": "^10.3.0",
        "eslint-plugin-react-hooks": "^7.1.1",
        "eslint-plugin-react-refresh": "^0.5.2",
        "eslint-plugin-storybook": "^10.4.1",
        "globals": "^17.6.0",
        "playwright": "^1.60.0",
        "react": "^18.3.1",
        "react-dom": "^18.3.1",
        "storybook": "^10.4.1",
        "tailwindcss": "^4.3.0",
        "typescript": "~6.0.2",
        "typescript-eslint": "^8.59.2",
        "vite": "^8.0.12",
        "vite-plugin-dts": "^5.0.1",
        "vitest": "^4.1.7"
      },
      "peerDependencies": {
        "react": "^18.3.1",
        "react-dom": "^18.3.1"
      }
    },
    "node_modules/@adobe/css-tools": {
      "version": "4.5.0",
      "resolved": "https://registry.npmjs.org/@adobe/css-tools/-/css-tools-4.5.0.tgz",
      "integrity": "sha512-6OzddxPio9UiWTCemp4N8cYLV2ZN1ncRnV1cVGtve7dhPOtRkleRyx32GQCYSwDYgaHU3USMm84tNsvKzRCa1Q==",
      "dev": true,
      "license": "MIT"
    }
  }
}
